
Microsoft Visual Studio Solution File, Format Version 12.00
# Visual Studio Version 17
VisualStudioVersion = 17.13.35818.85
MinimumVisualStudioVersion = 10.0.40219.1
Project("{FAE04EC0-301F-11D3-BF4B-00C04F79EFBC}") = "ClnMielva", "ClnMielva\ClnMielva.csproj", "{4322F04D-C0BC-40F3-9FC8-41B2E09C0397}"
EndProject
Project("{FAE04EC0-301F-11D3-BF4B-00C04F79EFBC}") = "CpMielva", "CpMielva\CpMielva.csproj", "{733FFF16-68B9-45DF-836D-49246508909C}"
EndProject
Project("{FAE04EC0-301F-11D3-BF4B-00C04F79EFBC}") = "CadMielva", "CadMielva\CadMielva.csproj", "{678C0075-D2E1-46A8-B041-762F7D369040}"
EndProject
Global
	GlobalSection(SolutionConfigurationPlatforms) = preSolution
		Debug|Any CPU = Debug|Any CPU
		Release|Any CPU = Release|Any CPU
	EndGlobalSection
	GlobalSection(ProjectConfigurationPlatforms) = postSolution
		{4322F04D-C0BC-40F3-9FC8-41B2E09C0397}.Debug|Any CPU.ActiveCfg = Debug|Any CPU
		{4322F04D-C0BC-40F3-9FC8-41B2E09C0397}.Debug|Any CPU.Build.0 = Debug|Any CPU
		{4322F04D-C0BC-40F3-9FC8-41B2E09C0397}.Release|Any CPU.ActiveCfg = Release|Any CPU
		{4322F04D-C0BC-40F3-9FC8-41B2E09C0397}.Release|Any CPU.Build.0 = Release|Any CPU
		{733FFF16-68B9-45DF-836D-49246508909C}.Debug|Any CPU.ActiveCfg = Debug|Any CPU
		{733FFF16-68B9-45DF-836D-49246508909C}.Debug|Any CPU.Build.0 = Debug|Any CPU
		{733FFF16-68B9-45DF-836D-49246508909C}.Release|Any CPU.ActiveCfg = Release|Any CPU
		{733FFF16-68B9-45DF-836D-49246508909C}.Release|Any CPU.Build.0 = Release|Any CPU
		{678C0075-D2E1-46A8-B041-762F7D369040}.Debug|Any CPU.ActiveCfg = Debug|Any CPU
		{678C0075-D2E1-46A8-B041-762F7D369040}.Debug|Any CPU.Build.0 = Debug|Any CPU
		{678C0075-D2E1-46A8-B041-762F7D369040}.Release|Any CPU.ActiveCfg = Release|Any CPU
		{678C0075-D2E1-46A8-B041-762F7D369040}.Release|Any CPU.Build.0 = Release|Any CPU
	EndGlobalSection
	GlobalSection(SolutionProperties) = preSolution
		HideSolutionNode = FALSE
	EndGlobalSection
	GlobalSection(ExtensibilityGlobals) = postSolution
		SolutionGuid = {00083171-498E-48BF-AC82-6B83573A62E9}
	EndGlobalSection
EndGlobal
